
Microsoft Visual Studio Solution File, Format Version 12.00
# Visual Studio Version 17
VisualStudioVersion = 17.10.35027.167
MinimumVisualStudioVersion = 10.0.40219.1
Project("{FAE04EC0-301F-11D3-BF4B-00C04F79EFBC}") = "Barbearia.API", "Barbearia.API\Barbearia.API.csproj", "{0D2BD65B-AE95-4A03-B7D7-D8653B29A2D0}"
EndProject
Global
	GlobalSection(SolutionConfigurationPlatforms) = preSolution
		Debug|Any CPU = Debug|Any CPU
		Release|Any CPU = Release|Any CPU
	EndGlobalSection
	GlobalSection(ProjectConfigurationPlatforms) = postSolution
		{0D2BD65B-AE95-4A03-B7D7-D8653B29A2D0}.Debug|Any CPU.ActiveCfg = Debug|Any CPU
		{0D2BD65B-AE95-4A03-B7D7-D8653B29A2D0}.Debug|Any CPU.Build.0 = Debug|Any CPU
		{0D2BD65B-AE95-4A03-B7D7-D8653B29A2D0}.Release|Any CPU.ActiveCfg = Release|Any CPU
		{0D2BD65B-AE95-4A03-B7D7-D8653B29A2D0}.Release|Any CPU.Build.0 = Release|Any CPU
	EndGlobalSection
	GlobalSection(SolutionProperties) = preSolution
		HideSolutionNode = FALSE
	EndGlobalSection
	GlobalSection(ExtensibilityGlobals) = postSolution
		SolutionGuid = {F90D37A9-AC91-4956-BAFE-98E8E725E1C0}
	EndGlobalSection
EndGlobal
